
Microsoft Visual Studio Solution File, Format Version 12.00
# Visual Studio Version 17
VisualStudioVersion = 17.0.32112.339
MinimumVisualStudioVersion = 10.0.40219.1
Project("{FAE04EC0-301F-11D3-BF4B-00C04F79EFBC}") = "MatrizString", "MatrizString.csproj", "{440C85DA-67F0-454F-A5E5-A49057A31F07}"
EndProject
Global
	GlobalSection(SolutionConfigurationPlatforms) = preSolution
		Debug|Any CPU = Debug|Any CPU
		Release|Any CPU = Release|Any CPU
	EndGlobalSection
	GlobalSection(ProjectConfigurationPlatforms) = postSolution
		{440C85DA-67F0-454F-A5E5-A49057A31F07}.Debug|Any CPU.ActiveCfg = Debug|Any CPU
		{440C85DA-67F0-454F-A5E5-A49057A31F07}.Debug|Any CPU.Build.0 = Debug|Any CPU
		{440C85DA-67F0-454F-A5E5-A49057A31F07}.Release|Any CPU.ActiveCfg = Release|Any CPU
		{440C85DA-67F0-454F-A5E5-A49057A31F07}.Release|Any CPU.Build.0 = Release|Any CPU
	EndGlobalSection
	GlobalSection(SolutionProperties) = preSolution
		HideSolutionNode = FALSE
	EndGlobalSection
	GlobalSection(ExtensibilityGlobals) = postSolution
		SolutionGuid = {5B0317B6-EAA3-411B-93C3-A8A33058E391}
	EndGlobalSection
EndGlobal
